// !$*UTF8*$!
{
	archiveVersion = 1;
	classes = {
	};
	objectVersion = 46;
	objects = {

/* Begin PBXBuildFile section */
		D72A27B61DF89AA600085B96 /* AddGoalViewController.swift in Sources */ = {isa = PBXBuildFile; fileRef = D72A27B51DF89AA600085B96 /* AddGoalViewController.swift */; };
		D72D3D2C1DEF60870062984E /* GoalTableViewController.swift in Sources */ = {isa = PBXBuildFile; fileRef = D72D3D2B1DEF60870062984E /* GoalTableViewController.swift */; };
		D74E97CE1DDCE1AC003D1B11 /* AppDelegate.swift in Sources */ = {isa = PBXBuildFile; fileRef = D74E97CD1DDCE1AC003D1B11 /* AppDelegate.swift */; };
		D74E97D31DDCE1AC003D1B11 /* Main.storyboard in Resources */ = {isa = PBXBuildFile; fileRef = D74E97D11DDCE1AC003D1B11 /* Main.storyboard */; };
		D74E97D51DDCE1AC003D1B11 /* Assets.xcassets in Resources */ = {isa = PBXBuildFile; fileRef = D74E97D41DDCE1AC003D1B11 /* Assets.xcassets */; };
		D74E97D81DDCE1AC003D1B11 /* LaunchScreen.storyboard in Resources */ = {isa = PBXBuildFile; fileRef = D74E97D61DDCE1AC003D1B11 /* LaunchScreen.storyboard */; };
		D74E97E31DDCE1AC003D1B11 /* GoalGetterTests.swift in Sources */ = {isa = PBXBuildFile; fileRef = D74E97E21DDCE1AC003D1B11 /* GoalGetterTests.swift */; };
		D74E97EE1DDCE1AC003D1B11 /* GoalGetterUITests.swift in Sources */ = {isa = PBXBuildFile; fileRef = D74E97ED1DDCE1AC003D1B11 /* GoalGetterUITests.swift */; };
		D7561B441DECB39D00354D97 /* GoalsDB.swift in Sources */ = {isa = PBXBuildFile; fileRef = D7561B431DECB39D00354D97 /* GoalsDB.swift */; };
		D7561B461DECC59600354D97 /* Goal.swift in Sources */ = {isa = PBXBuildFile; fileRef = D7561B451DECC59600354D97 /* Goal.swift */; };
		FC8B56B81DEF589E00F1D50A /* SQLite.framework in Frameworks */ = {isa = PBXBuildFile; fileRef = FC8B56AB1DEF587C00F1D50A /* SQLite.framework */; };
		FC8B56BA1DEF5A5700F1D50A /* SQLite.framework in Embed Frameworks */ = {isa = PBXBuildFile; fileRef = FC8B56AB1DEF587C00F1D50A /* SQLite.framework */; settings = {ATTRIBUTES = (CodeSignOnCopy, RemoveHeadersOnCopy, ); }; };
		FCC33FC41DFCAFAC0001AD42 /* ProgressViewController.swift in Sources */ = {isa = PBXBuildFile; fileRef = FCC33FC31DFCAFAC0001AD42 /* ProgressViewController.swift */; };
/* End PBXBuildFile section */

/* Begin PBXContainerItemProxy section */
		D74E97DF1DDCE1AC003D1B11 /* PBXContainerItemProxy */ = {
			isa = PBXContainerItemProxy;
			containerPortal = D74E97C21DDCE1AB003D1B11 /* Project object */;
			proxyType = 1;
			remoteGlobalIDString = D74E97C91DDCE1AB003D1B11;
			remoteInfo = GoalGetter;
		};
		D74E97EA1DDCE1AC003D1B11 /* PBXContainerItemProxy */ = {
			isa = PBXContainerItemProxy;
			containerPortal = D74E97C21DDCE1AB003D1B11 /* Project object */;
			proxyType = 1;
			remoteGlobalIDString = D74E97C91DDCE1AB003D1B11;
			remoteInfo = GoalGetter;
		};
		FC8B56AA1DEF587C00F1D50A /* PBXContainerItemProxy */ = {
			isa = PBXContainerItemProxy;
			containerPortal = FC8B56A01DEF587C00F1D50A /* SQLite.xcodeproj */;
			proxyType = 2;
			remoteGlobalIDString = EE247AD31C3F04ED00AE3E12;
			remoteInfo = "SQLite iOS";
		};
		FC8B56AC1DEF587C00F1D50A /* PBXContainerItemProxy */ = {
			isa = PBXContainerItemProxy;
			containerPortal = FC8B56A01DEF587C00F1D50A /* SQLite.xcodeproj */;
			proxyType = 2;
			remoteGlobalIDString = EE247ADD1C3F04ED00AE3E12;
			remoteInfo = "SQLiteTests iOS";
		};
		FC8B56AE1DEF587C00F1D50A /* PBXContainerItemProxy */ = {
			isa = PBXContainerItemProxy;
			containerPortal = FC8B56A01DEF587C00F1D50A /* SQLite.xcodeproj */;
			proxyType = 2;
			remoteGlobalIDString = EE247B3C1C3F3ED000AE3E12;
			remoteInfo = "SQLite Mac";
		};
		FC8B56B01DEF587C00F1D50A /* PBXContainerItemProxy */ = {
			isa = PBXContainerItemProxy;
			containerPortal = FC8B56A01DEF587C00F1D50A /* SQLite.xcodeproj */;
			proxyType = 2;
			remoteGlobalIDString = EE247B451C3F3ED000AE3E12;
			remoteInfo = "SQLiteTests Mac";
		};
		FC8B56B21DEF587C00F1D50A /* PBXContainerItemProxy */ = {
			isa = PBXContainerItemProxy;
			containerPortal = FC8B56A01DEF587C00F1D50A /* SQLite.xcodeproj */;
			proxyType = 2;
			remoteGlobalIDString = 03A65E5A1C6BB0F50062603F;
			remoteInfo = "SQLite tvOS";
		};
		FC8B56B41DEF587C00F1D50A /* PBXContainerItemProxy */ = {
			isa = PBXContainerItemProxy;
			containerPortal = FC8B56A01DEF587C00F1D50A /* SQLite.xcodeproj */;
			proxyType = 2;
			remoteGlobalIDString = 03A65E631C6BB0F60062603F;
			remoteInfo = "SQLiteTests tvOS";
		};
		FC8B56B61DEF587C00F1D50A /* PBXContainerItemProxy */ = {
			isa = PBXContainerItemProxy;
			containerPortal = FC8B56A01DEF587C00F1D50A /* SQLite.xcodeproj */;
			proxyType = 2;
			remoteGlobalIDString = A121AC451CA35C79005A31D1;
			remoteInfo = "SQLite watchOS";
		};
		FC8B56BB1DEF5A5700F1D50A /* PBXContainerItemProxy */ = {
			isa = PBXContainerItemProxy;
			containerPortal = FC8B56A01DEF587C00F1D50A /* SQLite.xcodeproj */;
			proxyType = 1;
			remoteGlobalIDString = EE247AD21C3F04ED00AE3E12;
			remoteInfo = "SQLite iOS";
		};
/* End PBXContainerItemProxy section */

/* Begin PBXCopyFilesBuildPhase section */
		FC8B56BD1DEF5A5700F1D50A /* Embed Frameworks */ = {
			isa = PBXCopyFilesBuildPhase;
			buildActionMask = 2147483647;
			dstPath = "";
			dstSubfolderSpec = 10;
			files = (
				FC8B56BA1DEF5A5700F1D50A /* SQLite.framework in Embed Frameworks */,
			);
			name = "Embed Frameworks";
			runOnlyForDeploymentPostprocessing = 0;
		};
/* End PBXCopyFilesBuildPhase section */

/* Begin PBXFileReference section */
		D72A27B51DF89AA600085B96 /* AddGoalViewController.swift */ = {isa = PBXFileReference; fileEncoding = 4; lastKnownFileType = sourcecode.swift; path = AddGoalViewController.swift; sourceTree = "<group>"; };
		D72D3D2B1DEF60870062984E /* GoalTableViewController.swift */ = {isa = PBXFileReference; fileEncoding = 4; lastKnownFileType = sourcecode.swift; path = GoalTableViewController.swift; sourceTree = "<group>"; };
		D74E97CA1DDCE1AC003D1B11 /* GoalGetter.app */ = {isa = PBXFileReference; explicitFileType = wrapper.application; includeInIndex = 0; path = GoalGetter.app; sourceTree = BUILT_PRODUCTS_DIR; };
		D74E97CD1DDCE1AC003D1B11 /* AppDelegate.swift */ = {isa = PBXFileReference; lastKnownFileType = sourcecode.swift; path = AppDelegate.swift; sourceTree = "<group>"; };
		D74E97D21DDCE1AC003D1B11 /* Base */ = {isa = PBXFileReference; lastKnownFileType = file.storyboard; name = Base; path = Base.lproj/Main.storyboard; sourceTree = "<group>"; };
		D74E97D41DDCE1AC003D1B11 /* Assets.xcassets */ = {isa = PBXFileReference; lastKnownFileType = folder.assetcatalog; path = Assets.xcassets; sourceTree = "<group>"; };
		D74E97D71DDCE1AC003D1B11 /* Base */ = {isa = PBXFileReference; lastKnownFileType = file.storyboard; name = Base; path = Base.lproj/LaunchScreen.storyboard; sourceTree = "<group>"; };
		D74E97D91DDCE1AC003D1B11 /* Info.plist */ = {isa = PBXFileReference; lastKnownFileType = text.plist.xml; path = Info.plist; sourceTree = "<group>"; };
		D74E97DE1DDCE1AC003D1B11 /* GoalGetterTests.xctest */ = {isa = PBXFileReference; explicitFileType = wrapper.cfbundle; includeInIndex = 0; path = GoalGetterTests.xctest; sourceTree = BUILT_PRODUCTS_DIR; };
		D74E97E21DDCE1AC003D1B11 /* GoalGetterTests.swift */ = {isa = PBXFileReference; lastKnownFileType = sourcecode.swift; path = GoalGetterTests.swift; sourceTree = "<group>"; };
		D74E97E41DDCE1AC003D1B11 /* Info.plist */ = {isa = PBXFileReference; lastKnownFileType = text.plist.xml; path = Info.plist; sourceTree = "<group>"; };
		D74E97E91DDCE1AC003D1B11 /* GoalGetterUITests.xctest */ = {isa = PBXFileReference; explicitFileType = wrapper.cfbundle; includeInIndex = 0; path = GoalGetterUITests.xctest; sourceTree = BUILT_PRODUCTS_DIR; };
		D74E97ED1DDCE1AC003D1B11 /* GoalGetterUITests.swift */ = {isa = PBXFileReference; lastKnownFileType = sourcecode.swift; path = GoalGetterUITests.swift; sourceTree = "<group>"; };
		D74E97EF1DDCE1AC003D1B11 /* Info.plist */ = {isa = PBXFileReference; lastKnownFileType = text.plist.xml; path = Info.plist; sourceTree = "<group>"; };
		D7561B431DECB39D00354D97 /* GoalsDB.swift */ = {isa = PBXFileReference; fileEncoding = 4; lastKnownFileType = sourcecode.swift; path = GoalsDB.swift; sourceTree = "<group>"; };
		D7561B451DECC59600354D97 /* Goal.swift */ = {isa = PBXFileReference; fileEncoding = 4; lastKnownFileType = sourcecode.swift; path = Goal.swift; sourceTree = "<group>"; };
		FC8B56A01DEF587C00F1D50A /* SQLite.xcodeproj */ = {isa = PBXFileReference; lastKnownFileType = "wrapper.pb-project"; name = SQLite.xcodeproj; path = "SQLite.swift-master/SQLite.xcodeproj"; sourceTree = "<group>"; };
		FCC33FC31DFCAFAC0001AD42 /* ProgressViewController.swift */ = {isa = PBXFileReference; fileEncoding = 4; lastKnownFileType = sourcecode.swift; path = ProgressViewController.swift; sourceTree = "<group>"; };
/* End PBXFileReference section */

/* Begin PBXFrameworksBuildPhase section */
		D74E97C71DDCE1AB003D1B11 /* Frameworks */ = {
			isa = PBXFrameworksBuildPhase;
			buildActionMask = 2147483647;
			files = (
				FC8B56B81DEF589E00F1D50A /* SQLite.framework in Frameworks */,
			);
			runOnlyForDeploymentPostprocessing = 0;
		};
		D74E97DB1DDCE1AC003D1B11 /* Frameworks */ = {
			isa = PBXFrameworksBuildPhase;
			buildActionMask = 2147483647;
			files = (
			);
			runOnlyForDeploymentPostprocessing = 0;
		};
		D74E97E61DDCE1AC003D1B11 /* Frameworks */ = {
			isa = PBXFrameworksBuildPhase;
			buildActionMask = 2147483647;
			files = (
			);
			runOnlyForDeploymentPostprocessing = 0;
		};
/* End PBXFrameworksBuildPhase section */

/* Begin PBXGroup section */
		D74E97C11DDCE1AB003D1B11 = {
			isa = PBXGroup;
			children = (
				D74E97CC1DDCE1AC003D1B11 /* GoalGetter */,
				D74E97E11DDCE1AC003D1B11 /* GoalGetterTests */,
				D74E97EC1DDCE1AC003D1B11 /* GoalGetterUITests */,
				D74E97CB1DDCE1AC003D1B11 /* Products */,
				FC8B56A01DEF587C00F1D50A /* SQLite.xcodeproj */,
			);
			sourceTree = "<group>";
		};
		D74E97CB1DDCE1AC003D1B11 /* Products */ = {
			isa = PBXGroup;
			children = (
				D74E97CA1DDCE1AC003D1B11 /* GoalGetter.app */,
				D74E97DE1DDCE1AC003D1B11 /* GoalGetterTests.xctest */,
				D74E97E91DDCE1AC003D1B11 /* GoalGetterUITests.xctest */,
			);
			name = Products;
			sourceTree = "<group>";
		};
		D74E97CC1DDCE1AC003D1B11 /* GoalGetter */ = {
			isa = PBXGroup;
			children = (
				D74E97CD1DDCE1AC003D1B11 /* AppDelegate.swift */,
				D74E97D11DDCE1AC003D1B11 /* Main.storyboard */,
				D74E97D41DDCE1AC003D1B11 /* Assets.xcassets */,
				D74E97D61DDCE1AC003D1B11 /* LaunchScreen.storyboard */,
				D74E97D91DDCE1AC003D1B11 /* Info.plist */,
				D7561B431DECB39D00354D97 /* GoalsDB.swift */,
				D7561B451DECC59600354D97 /* Goal.swift */,
				D72D3D2B1DEF60870062984E /* GoalTableViewController.swift */,
				D72A27B51DF89AA600085B96 /* AddGoalViewController.swift */,
				FCC33FC31DFCAFAC0001AD42 /* ProgressViewController.swift */,
			);
			path = GoalGetter;
			sourceTree = "<group>";
		};
		D74E97E11DDCE1AC003D1B11 /* GoalGetterTests */ = {
			isa = PBXGroup;
			children = (
				D74E97E21DDCE1AC003D1B11 /* GoalGetterTests.swift */,
				D74E97E41DDCE1AC003D1B11 /* Info.plist */,
			);
			path = GoalGetterTests;
			sourceTree = "<group>";
		};
		D74E97EC1DDCE1AC003D1B11 /* GoalGetterUITests */ = {
			isa = PBXGroup;
			children = (
				D74E97ED1DDCE1AC003D1B11 /* GoalGetterUITests.swift */,
				D74E97EF1DDCE1AC003D1B11 /* Info.plist */,
			);
			path = GoalGetterUITests;
			sourceTree = "<group>";
		};
		FC8B56A11DEF587C00F1D50A /* Products */ = {
			isa = PBXGroup;
			children = (
				FC8B56AB1DEF587C00F1D50A /* SQLite.framework */,
				FC8B56AD1DEF587C00F1D50A /* SQLiteTests iOS.xctest */,
				FC8B56AF1DEF587C00F1D50A /* SQLite.framework */,
				FC8B56B11DEF587C00F1D50A /* SQLiteTests Mac.xctest */,
				FC8B56B31DEF587C00F1D50A /* SQLite.framework */,
				FC8B56B51DEF587C00F1D50A /* SQLiteTests tvOS.xctest */,
				FC8B56B71DEF587C00F1D50A /* SQLite.framework */,
			);
			name = Products;
			sourceTree = "<group>";
		};
/* End PBXGroup section */

/* Begin PBXNativeTarget section */
		D74E97C91DDCE1AB003D1B11 /* GoalGetter */ = {
			isa = PBXNativeTarget;
			buildConfigurationList = D74E97F21DDCE1AC003D1B11 /* Build configuration list for PBXNativeTarget "GoalGetter" */;
			buildPhases = (
				D74E97C61DDCE1AB003D1B11 /* Sources */,
				D74E97C71DDCE1AB003D1B11 /* Frameworks */,
				D74E97C81DDCE1AB003D1B11 /* Resources */,
				FC8B56BD1DEF5A5700F1D50A /* Embed Frameworks */,
			);
			buildRules = (
			);
			dependencies = (
				FC8B56BC1DEF5A5700F1D50A /* PBXTargetDependency */,
			);
			name = GoalGetter;
			productName = GoalGetter;
			productReference = D74E97CA1DDCE1AC003D1B11 /* GoalGetter.app */;
			productType = "com.apple.product-type.application";
		};
		D74E97DD1DDCE1AC003D1B11 /* GoalGetterTests */ = {
			isa = PBXNativeTarget;
			buildConfigurationList = D74E97F51DDCE1AC003D1B11 /* Build configuration list for PBXNativeTarget "GoalGetterTests" */;
			buildPhases = (
				D74E97DA1DDCE1AC003D1B11 /* Sources */,
				D74E97DB1DDCE1AC003D1B11 /* Frameworks */,
				D74E97DC1DDCE1AC003D1B11 /* Resources */,
			);
			buildRules = (
			);
			dependencies = (
				D74E97E01DDCE1AC003D1B11 /* PBXTargetDependency */,
			);
			name = GoalGetterTests;
			productName = GoalGetterTests;
			productReference = D74E97DE1DDCE1AC003D1B11 /* GoalGetterTests.xctest */;
			productType = "com.apple.product-type.bundle.unit-test";
		};
		D74E97E81DDCE1AC003D1B11 /* GoalGetterUITests */ = {
			isa = PBXNativeTarget;
			buildConfigurationList = D74E97F81DDCE1AC003D1B11 /* Build configuration list for PBXNativeTarget "GoalGetterUITests" */;
			buildPhases = (
				D74E97E51DDCE1AC003D1B11 /* Sources */,
				D74E97E61DDCE1AC003D1B11 /* Frameworks */,
				D74E97E71DDCE1AC003D1B11 /* Resources */,
			);
			buildRules = (
			);
			dependencies = (
				D74E97EB1DDCE1AC003D1B11 /* PBXTargetDependency */,
			);
			name = GoalGetterUITests;
			productName = GoalGetterUITests;
			productReference = D74E97E91DDCE1AC003D1B11 /* GoalGetterUITests.xctest */;
			productType = "com.apple.product-type.bundle.ui-testing";
		};
/* End PBXNativeTarget section */

/* Begin PBXProject section */
		D74E97C21DDCE1AB003D1B11 /* Project object */ = {
			isa = PBXProject;
			attributes = {
				LastSwiftUpdateCheck = 0800;
				LastUpgradeCheck = 0800;
				ORGANIZATIONNAME = "Alexis Padula";
				TargetAttributes = {
					D74E97C91DDCE1AB003D1B11 = {
						CreatedOnToolsVersion = 8.0;
						ProvisioningStyle = Automatic;
					};
					D74E97DD1DDCE1AC003D1B11 = {
						CreatedOnToolsVersion = 8.0;
						ProvisioningStyle = Automatic;
						TestTargetID = D74E97C91DDCE1AB003D1B11;
					};
					D74E97E81DDCE1AC003D1B11 = {
						CreatedOnToolsVersion = 8.0;
						ProvisioningStyle = Automatic;
						TestTargetID = D74E97C91DDCE1AB003D1B11;
					};
				};
			};
			buildConfigurationList = D74E97C51DDCE1AB003D1B11 /* Build configuration list for PBXProject "GoalGetter" */;
			compatibilityVersion = "Xcode 3.2";
			developmentRegion = English;
			hasScannedForEncodings = 0;
			knownRegions = (
				en,
				Base,
			);
			mainGroup = D74E97C11DDCE1AB003D1B11;
			productRefGroup = D74E97CB1DDCE1AC003D1B11 /* Products */;
			projectDirPath = "";
			projectReferences = (
				{
					ProductGroup = FC8B56A11DEF587C00F1D50A /* Products */;
					ProjectRef = FC8B56A01DEF587C00F1D50A /* SQLite.xcodeproj */;
				},
			);
			projectRoot = "";
			targets = (
				D74E97C91DDCE1AB003D1B11 /* GoalGetter */,
				D74E97DD1DDCE1AC003D1B11 /* GoalGetterTests */,
				D74E97E81DDCE1AC003D1B11 /* GoalGetterUITests */,
			);
		};
/* End PBXProject section */

/* Begin PBXReferenceProxy section */
		FC8B56AB1DEF587C00F1D50A /* SQLite.framework */ = {
			isa = PBXReferenceProxy;
			fileType = wrapper.framework;
			path = SQLite.framework;
			remoteRef = FC8B56AA1DEF587C00F1D50A /* PBXContainerItemProxy */;
			sourceTree = BUILT_PRODUCTS_DIR;
		};
		FC8B56AD1DEF587C00F1D50A /* SQLiteTests iOS.xctest */ = {
			isa = PBXReferenceProxy;
			fileType = wrapper.cfbundle;
			path = "SQLiteTests iOS.xctest";
			remoteRef = FC8B56AC1DEF587C00F1D50A /* PBXContainerItemProxy */;
			sourceTree = BUILT_PRODUCTS_DIR;
		};
		FC8B56AF1DEF587C00F1D50A /* SQLite.framework */ = {
			isa = PBXReferenceProxy;
			fileType = wrapper.framework;
			path = SQLite.framework;
			remoteRef = FC8B56AE1DEF587C00F1D50A /* PBXContainerItemProxy */;
			sourceTree = BUILT_PRODUCTS_DIR;
		};
		FC8B56B11DEF587C00F1D50A /* SQLiteTests Mac.xctest */ = {
			isa = PBXReferenceProxy;
			fileType = wrapper.cfbundle;
			path = "SQLiteTests Mac.xctest";
			remoteRef = FC8B56B01DEF587C00F1D50A /* PBXContainerItemProxy */;
			sourceTree = BUILT_PRODUCTS_DIR;
		};
		FC8B56B31DEF587C00F1D50A /* SQLite.framework */ = {
			isa = PBXReferenceProxy;
			fileType = wrapper.framework;
			path = SQLite.framework;
			remoteRef = FC8B56B21DEF587C00F1D50A /* PBXContainerItemProxy */;
			sourceTree = BUILT_PRODUCTS_DIR;
		};
		FC8B56B51DEF587C00F1D50A /* SQLiteTests tvOS.xctest */ = {
			isa = PBXReferenceProxy;
			fileType = wrapper.cfbundle;
			path = "SQLiteTests tvOS.xctest";
			remoteRef = FC8B56B41DEF587C00F1D50A /* PBXContainerItemProxy */;
			sourceTree = BUILT_PRODUCTS_DIR;
		};
		FC8B56B71DEF587C00F1D50A /* SQLite.framework */ = {
			isa = PBXReferenceProxy;
			fileType = wrapper.framework;
			path = SQLite.framework;
			remoteRef = FC8B56B61DEF587C00F1D50A /* PBXContainerItemProxy */;
			sourceTree = BUILT_PRODUCTS_DIR;
		};
/* End PBXReferenceProxy section */

/* Begin PBXResourcesBuildPhase section */
		D74E97C81DDCE1AB003D1B11 /* Resources */ = {
			isa = PBXResourcesBuildPhase;
			buildActionMask = 2147483647;
			files = (
				D74E97D81DDCE1AC003D1B11 /* LaunchScreen.storyboard in Resources */,
				D74E97D51DDCE1AC003D1B11 /* Assets.xcassets in Resources */,
				D74E97D31DDCE1AC003D1B11 /* Main.storyboard in Resources */,
			);
			runOnlyForDeploymentPostprocessing = 0;
		};
		D74E97DC1DDCE1AC003D1B11 /* Resources */ = {
			isa = PBXResourcesBuildPhase;
			buildActionMask = 2147483647;
			files = (
			);
			runOnlyForDeploymentPostprocessing = 0;
		};
		D74E97E71DDCE1AC003D1B11 /* Resources */ = {
			isa = PBXResourcesBuildPhase;
			buildActionMask = 2147483647;
			files = (
			);
			runOnlyForDeploymentPostprocessing = 0;
		};
/* End PBXResourcesBuildPhase section */

/* Begin PBXSourcesBuildPhase section */
		D74E97C61DDCE1AB003D1B11 /* Sources */ = {
			isa = PBXSourcesBuildPhase;
			buildActionMask = 2147483647;
			files = (
				D7561B461DECC59600354D97 /* Goal.swift in Sources */,
				D72D3D2C1DEF60870062984E /* GoalTableViewController.swift in Sources */,
				D72A27B61DF89AA600085B96 /* AddGoalViewController.swift in Sources */,
				FCC33FC41DFCAFAC0001AD42 /* ProgressViewController.swift in Sources */,
				D7561B441DECB39D00354D97 /* GoalsDB.swift in Sources */,
				D74E97CE1DDCE1AC003D1B11 /* AppDelegate.swift in Sources */,
			);
			runOnlyForDeploymentPostprocessing = 0;
		};
		D74E97DA1DDCE1AC003D1B11 /* Sources */ = {
			isa = PBXSourcesBuildPhase;
			buildActionMask = 2147483647;
			files = (
				D74E97E31DDCE1AC003D1B11 /* GoalGetterTests.swift in Sources */,
			);
			runOnlyForDeploymentPostprocessing = 0;
		};
		D74E97E51DDCE1AC003D1B11 /* Sources */ = {
			isa = PBXSourcesBuildPhase;
			buildActionMask = 2147483647;
			files = (
				D74E97EE1DDCE1AC003D1B11 /* GoalGetterUITests.swift in Sources */,
			);
			runOnlyForDeploymentPostprocessing = 0;
		};
/* End PBXSourcesBuildPhase section */

/* Begin PBXTargetDependency section */
		D74E97E01DDCE1AC003D1B11 /* PBXTargetDependency */ = {
			isa = PBXTargetDependency;
			target = D74E97C91DDCE1AB003D1B11 /* GoalGetter */;
			targetProxy = D74E97DF1DDCE1AC003D1B11 /* PBXContainerItemProxy */;
		};
		D74E97EB1DDCE1AC003D1B11 /* PBXTargetDependency */ = {
			isa = PBXTargetDependency;
			target = D74E97C91DDCE1AB003D1B11 /* GoalGetter */;
			targetProxy = D74E97EA1DDCE1AC003D1B11 /* PBXContainerItemProxy */;
		};
		FC8B56BC1DEF5A5700F1D50A /* PBXTargetDependency */ = {
			isa = PBXTargetDependency;
			name = "SQLite iOS";
			targetProxy = FC8B56BB1DEF5A5700F1D50A /* PBXContainerItemProxy */;
		};
/* End PBXTargetDependency section */

/* Begin PBXVariantGroup section */
		D74E97D11DDCE1AC003D1B11 /* Main.storyboard */ = {
			isa = PBXVariantGroup;
			children = (
				D74E97D21DDCE1AC003D1B11 /* Base */,
			);
			name = Main.storyboard;
			sourceTree = "<group>";
		};
		D74E97D61DDCE1AC003D1B11 /* LaunchScreen.storyboard */ = {
			isa = PBXVariantGroup;
			children = (
				D74E97D71DDCE1AC003D1B11 /* Base */,
			);
			name = LaunchScreen.storyboard;
			sourceTree = "<group>";
		};
/* End PBXVariantGroup section */

/* Begin XCBuildConfiguration section */
		D74E97F01DDCE1AC003D1B11 /* Debug */ = {
			isa = XCBuildConfiguration;
			buildSettings = {
				ALWAYS_SEARCH_USER_PATHS = NO;
				CLANG_ANALYZER_NONNULL = YES;
				CLANG_CXX_LANGUAGE_STANDARD = "gnu++0x";
				CLANG_CXX_LIBRARY = "libc++";
				CLANG_ENABLE_MODULES = YES;
				CLANG_ENABLE_OBJC_ARC = YES;
				CLANG_WARN_BOOL_CONVERSION = YES;
				CLANG_WARN_CONSTANT_CONVERSION = YES;
				CLANG_WARN_DIRECT_OBJC_ISA_USAGE = YES_ERROR;
				CLANG_WARN_DOCUMENTATION_COMMENTS = YES;
				CLANG_WARN_EMPTY_BODY = YES;
				CLANG_WARN_ENUM_CONVERSION = YES;
				CLANG_WARN_INFINITE_RECURSION = YES;
				CLANG_WARN_INT_CONVERSION = YES;
				CLANG_WARN_OBJC_ROOT_CLASS = YES_ERROR;
				CLANG_WARN_SUSPICIOUS_MOVES = YES;
				CLANG_WARN_UNREACHABLE_CODE = YES;
				CLANG_WARN__DUPLICATE_METHOD_MATCH = YES;
				"CODE_SIGN_IDENTITY[sdk=iphoneos*]" = "iPhone Developer";
				COPY_PHASE_STRIP = NO;
				DEBUG_INFORMATION_FORMAT = dwarf;
				ENABLE_STRICT_OBJC_MSGSEND = YES;
				ENABLE_TESTABILITY = YES;
				GCC_C_LANGUAGE_STANDARD = gnu99;
				GCC_DYNAMIC_NO_PIC = NO;
				GCC_NO_COMMON_BLOCKS = YES;
				GCC_OPTIMIZATION_LEVEL = 0;
				GCC_PREPROCESSOR_DEFINITIONS = (
					"DEBUG=1",
					"$(inherited)",
				);
				GCC_WARN_64_TO_32_BIT_CONVERSION = YES;
				GCC_WARN_ABOUT_RETURN_TYPE = YES_ERROR;
				GCC_WARN_UNDECLARED_SELECTOR = YES;
				GCC_WARN_UNINITIALIZED_AUTOS = YES_AGGRESSIVE;
				GCC_WARN_UNUSED_FUNCTION = YES;
				GCC_WARN_UNUSED_VARIABLE = YES;
				IPHONEOS_DEPLOYMENT_TARGET = 10.0;
				MTL_ENABLE_DEBUG_INFO = YES;
				ONLY_ACTIVE_ARCH = YES;
				SDKROOT = iphoneos;
				SWIFT_ACTIVE_COMPILATION_CONDITIONS = DEBUG;
				SWIFT_OPTIMIZATION_LEVEL = "-Onone";
				TARGETED_DEVICE_FAMILY = "1,2";
			};
			name = Debug;
		};
		D74E97F11DDCE1AC003D1B11 /* Release */ = {
			isa = XCBuildConfiguration;
			buildSettings = {
				ALWAYS_SEARCH_USER_PATHS = NO;
				CLANG_ANALYZER_NONNULL = YES;
				CLANG_CXX_LANGUAGE_STANDARD = "gnu++0x";
				CLANG_CXX_LIBRARY = "libc++";
				CLANG_ENABLE_MODULES = YES;
				CLANG_ENABLE_OBJC_ARC = YES;
				CLANG_WARN_BOOL_CONVERSION = YES;
				CLANG_WARN_CONSTANT_CONVERSION = YES;
				CLANG_WARN_DIRECT_OBJC_ISA_USAGE = YES_ERROR;
				CLANG_WARN_DOCUMENTATION_COMMENTS = YES;
				CLANG_WARN_EMPTY_BODY = YES;
				CLANG_WARN_ENUM_CONVERSION = YES;
				CLANG_WARN_INFINITE_RECURSION = YES;
				CLANG_WARN_INT_CONVERSION = YES;
				CLANG_WARN_OBJC_ROOT_CLASS = YES_ERROR;
				CLANG_WARN_SUSPICIOUS_MOVES = YES;
				CLANG_WARN_UNREACHABLE_CODE = YES;
				CLANG_WARN__DUPLICATE_METHOD_MATCH = YES;
				"CODE_SIGN_IDENTITY[sdk=iphoneos*]" = "iPhone Developer";
				COPY_PHASE_STRIP = NO;
				DEBUG_INFORMATION_FORMAT = "dwarf-with-dsym";
				ENABLE_NS_ASSERTIONS = NO;
				ENABLE_STRICT_OBJC_MSGSEND = YES;
				GCC_C_LANGUAGE_STANDARD = gnu99;
				GCC_NO_COMMON_BLOCKS = YES;
				GCC_WARN_64_TO_32_BIT_CONVERSION = YES;
				GCC_WARN_ABOUT_RETURN_TYPE = YES_ERROR;
				GCC_WARN_UNDECLARED_SELECTOR = YES;
				GCC_WARN_UNINITIALIZED_AUTOS = YES_AGGRESSIVE;
				GCC_WARN_UNUSED_FUNCTION = YES;
				GCC_WARN_UNUSED_VARIABLE = YES;
				IPHONEOS_DEPLOYMENT_TARGET = 10.0;
				MTL_ENABLE_DEBUG_INFO = NO;
				SDKROOT = iphoneos;
				SWIFT_OPTIMIZATION_LEVEL = "-Owholemodule";
				TARGETED_DEVICE_FAMILY = "1,2";
				VALIDATE_PRODUCT = YES;
			};
			name = Release;
		};
		D74E97F31DDCE1AC003D1B11 /* Debug */ = {
			isa = XCBuildConfiguration;
			buildSettings = {
				ALWAYS_EMBED_SWIFT_STANDARD_LIBRARIES = YES;
				ASSETCATALOG_COMPILER_APPICON_NAME = AppIcon;
				INFOPLIST_FILE = GoalGetter/Info.plist;
				LD_RUNPATH_SEARCH_PATHS = "$(inherited) @executable_path/Frameworks";
				PRODUCT_BUNDLE_IDENTIFIER = elon.edu.apadula2.GoalGetter;
				PRODUCT_NAME = "$(TARGET_NAME)";
				SWIFT_VERSION = 3.0;
			};
			name = Debug;
		};
		D74E97F41DDCE1AC003D1B11 /* Release */ = {
			isa = XCBuildConfiguration;
			buildSettings = {
				ALWAYS_EMBED_SWIFT_STANDARD_LIBRARIES = YES;
				ASSETCATALOG_COMPILER_APPICON_NAME = AppIcon;
				INFOPLIST_FILE = GoalGetter/Info.plist;
				LD_RUNPATH_SEARCH_PATHS = "$(inherited) @executable_path/Frameworks";
				PRODUCT_BUNDLE_IDENTIFIER = elon.edu.apadula2.GoalGetter;
				PRODUCT_NAME = "$(TARGET_NAME)";
				SWIFT_VERSION = 3.0;
			};
			name = Release;
		};
		D74E97F61DDCE1AC003D1B11 /* Debug */ = {
			isa = XCBuildConfiguration;
			buildSettings = {
				ALWAYS_EMBED_SWIFT_STANDARD_LIBRARIES = YES;
				BUNDLE_LOADER = "$(TEST_HOST)";
				INFOPLIST_FILE = GoalGetterTests/Info.plist;
				LD_RUNPATH_SEARCH_PATHS = "$(inherited) @executable_path/Frameworks @loader_path/Frameworks";
				PRODUCT_BUNDLE_IDENTIFIER = elon.edu.apadula2.GoalGetterTests;
				PRODUCT_NAME = "$(TARGET_NAME)";
				SWIFT_VERSION = 3.0;
				TEST_HOST = "$(BUILT_PRODUCTS_DIR)/GoalGetter.app/GoalGetter";
			};
			name = Debug;
		};
		D74E97F71DDCE1AC003D1B11 /* Release */ = {
			isa = XCBuildConfiguration;
			buildSettings = {
				ALWAYS_EMBED_SWIFT_STANDARD_LIBRARIES = YES;
				BUNDLE_LOADER = "$(TEST_HOST)";
				INFOPLIST_FILE = GoalGetterTests/Info.plist;
				LD_RUNPATH_SEARCH_PATHS = "$(inherited) @executable_path/Frameworks @loader_path/Frameworks";
				PRODUCT_BUNDLE_IDENTIFIER = elon.edu.apadula2.GoalGetterTests;
				PRODUCT_NAME = "$(TARGET_NAME)";
				SWIFT_VERSION = 3.0;
				TEST_HOST = "$(BUILT_PRODUCTS_DIR)/GoalGetter.app/GoalGetter";
			};
			name = Release;
		};
		D74E97F91DDCE1AC003D1B11 /* Debug */ = {
			isa = XCBuildConfiguration;
			buildSettings = {
				ALWAYS_EMBED_SWIFT_STANDARD_LIBRARIES = YES;
				INFOPLIST_FILE = GoalGetterUITests/Info.plist;
				LD_RUNPATH_SEARCH_PATHS = "$(inherited) @executable_path/Frameworks @loader_path/Frameworks";
				PRODUCT_BUNDLE_IDENTIFIER = elon.edu.apadula2.GoalGetterUITests;
				PRODUCT_NAME = "$(TARGET_NAME)";
				SWIFT_VERSION = 3.0;
				TEST_TARGET_NAME = GoalGetter;
			};
			name = Debug;
		};
		D74E97FA1DDCE1AC003D1B11 /* Release */ = {
			isa = XCBuildConfiguration;
			buildSettings = {
				ALWAYS_EMBED_SWIFT_STANDARD_LIBRARIES = YES;
				INFOPLIST_FILE = GoalGetterUITests/Info.plist;
				LD_RUNPATH_SEARCH_PATHS = "$(inherited) @executable_path/Frameworks @loader_path/Frameworks";
				PRODUCT_BUNDLE_IDENTIFIER = elon.edu.apadula2.GoalGetterUITests;
				PRODUCT_NAME = "$(TARGET_NAME)";
				SWIFT_VERSION = 3.0;
				TEST_TARGET_NAME = GoalGetter;
			};
			name = Release;
		};
/* End XCBuildConfiguration section */

/* Begin XCConfigurationList section */
		D74E97C51DDCE1AB003D1B11 /* Build configuration list for PBXProject "GoalGetter" */ = {
			isa = XCConfigurationList;
			buildConfigurations = (
				D74E97F01DDCE1AC003D1B11 /* Debug */,
				D74E97F11DDCE1AC003D1B11 /* Release */,
			);
			defaultConfigurationIsVisible = 0;
			defaultConfigurationName = Release;
		};
		D74E97F21DDCE1AC003D1B11 /* Build configuration list for PBXNativeTarget "GoalGetter" */ = {
			isa = XCConfigurationList;
			buildConfigurations = (
				D74E97F31DDCE1AC003D1B11 /* Debug */,
				D74E97F41DDCE1AC003D1B11 /* Release */,
			);
			defaultConfigurationIsVisible = 0;
			defaultConfigurationName = Release;
		};
		D74E97F51DDCE1AC003D1B11 /* Build configuration list for PBXNativeTarget "GoalGetterTests" */ = {
			isa = XCConfigurationList;
			buildConfigurations = (
				D74E97F61DDCE1AC003D1B11 /* Debug */,
				D74E97F71DDCE1AC003D1B11 /* Release */,
			);
			defaultConfigurationIsVisible = 0;
			defaultConfigurationName = Release;
		};
		D74E97F81DDCE1AC003D1B11 /* Build configuration list for PBXNativeTarget "GoalGetterUITests" */ = {
			isa = XCConfigurationList;
			buildConfigurations = (
				D74E97F91DDCE1AC003D1B11 /* Debug */,
				D74E97FA1DDCE1AC003D1B11 /* Release */,
			);
			defaultConfigurationIsVisible = 0;
			defaultConfigurationName = Release;
		};
/* End XCConfigurationList section */
	};
	rootObject = D74E97C21DDCE1AB003D1B11 /* Project object */;
}
